
Microsoft Visual Studio Solution File, Format Version 12.00
# Visual Studio Version 17
VisualStudioVersion = 17.7.34024.191
MinimumVisualStudioVersion = 10.0.40219.1
Project("{FAE04EC0-301F-11D3-BF4B-00C04F79EFBC}") = "Repository_Practice", "Repository_Practice\Repository_Practice.csproj", "{672760DB-C490-40DE-8E02-2935A4E33174}"
EndProject
Project("{FAE04EC0-301F-11D3-BF4B-00C04F79EFBC}") = "Repository_Practice.DataAccess", "Repository_Practice.DataAccess\Repository_Practice.DataAccess.csproj", "{784D2D6A-F27D-4B18-AD19-46FEB201AA35}"
EndProject
Project("{FAE04EC0-301F-11D3-BF4B-00C04F79EFBC}") = "Repository_Practice.Model", "Repository_Practice.Model\Repository_Practice.Model.csproj", "{51628CE4-AC1A-4061-A9F7-6DDD36512F3B}"
EndProject
Global
	GlobalSection(SolutionConfigurationPlatforms) = preSolution
		Debug|Any CPU = Debug|Any CPU
		Release|Any CPU = Release|Any CPU
	EndGlobalSection
	GlobalSection(ProjectConfigurationPlatforms) = postSolution
		{672760DB-C490-40DE-8E02-2935A4E33174}.Debug|Any CPU.ActiveCfg = Debug|Any CPU
		{672760DB-C490-40DE-8E02-2935A4E33174}.Debug|Any CPU.Build.0 = Debug|Any CPU
		{672760DB-C490-40DE-8E02-2935A4E33174}.Release|Any CPU.ActiveCfg = Release|Any CPU
		{672760DB-C490-40DE-8E02-2935A4E33174}.Release|Any CPU.Build.0 = Release|Any CPU
		{784D2D6A-F27D-4B18-AD19-46FEB201AA35}.Debug|Any CPU.ActiveCfg = Debug|Any CPU
		{784D2D6A-F27D-4B18-AD19-46FEB201AA35}.Debug|Any CPU.Build.0 = Debug|Any CPU
		{784D2D6A-F27D-4B18-AD19-46FEB201AA35}.Release|Any CPU.ActiveCfg = Release|Any CPU
		{784D2D6A-F27D-4B18-AD19-46FEB201AA35}.Release|Any CPU.Build.0 = Release|Any CPU
		{51628CE4-AC1A-4061-A9F7-6DDD36512F3B}.Debug|Any CPU.ActiveCfg = Debug|Any CPU
		{51628CE4-AC1A-4061-A9F7-6DDD36512F3B}.Debug|Any CPU.Build.0 = Debug|Any CPU
		{51628CE4-AC1A-4061-A9F7-6DDD36512F3B}.Release|Any CPU.ActiveCfg = Release|Any CPU
		{51628CE4-AC1A-4061-A9F7-6DDD36512F3B}.Release|Any CPU.Build.0 = Release|Any CPU
	EndGlobalSection
	GlobalSection(SolutionProperties) = preSolution
		HideSolutionNode = FALSE
	EndGlobalSection
	GlobalSection(ExtensibilityGlobals) = postSolution
		SolutionGuid = {FD279AA2-CE90-47FD-BA23-C489E05C3B7F}
	EndGlobalSection
EndGlobal
